// !$*UTF8*$!
{
	archiveVersion = 1;
	classes = {
	};
	objectVersion = 56;
	objects = {

/* Begin PBXBuildFile section */
		3CEA749A2CFD7431000837DB /* AppDelegate.swift in Sources */ = {isa = PBXBuildFile; fileRef = 3CEA74992CFD7431000837DB /* AppDelegate.swift */; };
		3CEA749C2CFD7431000837DB /* SceneDelegate.swift in Sources */ = {isa = PBXBuildFile; fileRef = 3CEA749B2CFD7431000837DB /* SceneDelegate.swift */; };
		3CEA749E2CFD7431000837DB /* RankingViewController.swift in Sources */ = {isa = PBXBuildFile; fileRef = 3CEA749D2CFD7431000837DB /* RankingViewController.swift */; };
		3CEA74A12CFD7431000837DB /* Base in Resources */ = {isa = PBXBuildFile; fileRef = 3CEA74A02CFD7431000837DB /* Base */; };
		3CEA74A32CFD7433000837DB /* Assets.xcassets in Resources */ = {isa = PBXBuildFile; fileRef = 3CEA74A22CFD7433000837DB /* Assets.xcassets */; };
		3CEA74A62CFD7433000837DB /* Base in Resources */ = {isa = PBXBuildFile; fileRef = 3CEA74A52CFD7433000837DB /* Base */; };
		3CEA74B62CFD786C000837DB /* RankingViewModel.swift in Sources */ = {isa = PBXBuildFile; fileRef = 3CEA74B52CFD786C000837DB /* RankingViewModel.swift */; };
		3CEA74B82CFD788B000837DB /* SongCollectionViewCell.swift in Sources */ = {isa = PBXBuildFile; fileRef = 3CEA74B72CFD788B000837DB /* SongCollectionViewCell.swift */; };
		3CEA74BA2CFD78A5000837DB /* AlbumCollectionViewCell.swift in Sources */ = {isa = PBXBuildFile; fileRef = 3CEA74B92CFD78A5000837DB /* AlbumCollectionViewCell.swift */; };
		3CEA74BC2CFD78C3000837DB /* SectionHeaderView.swift in Sources */ = {isa = PBXBuildFile; fileRef = 3CEA74BB2CFD78C3000837DB /* SectionHeaderView.swift */; };
		3CEA74BE2CFD795B000837DB /* DetailListViewController.swift in Sources */ = {isa = PBXBuildFile; fileRef = 3CEA74BD2CFD795B000837DB /* DetailListViewController.swift */; };
		3CF0B86C2CFD821500557976 /* Kingfisher in Frameworks */ = {isa = PBXBuildFile; productRef = 3CF0B86B2CFD821500557976 /* Kingfisher */; };
		3CF0B86F2CFD822000557976 /* Alamofire in Frameworks */ = {isa = PBXBuildFile; productRef = 3CF0B86E2CFD822000557976 /* Alamofire */; };
		3CF0B8712CFDADA800557976 /* Model.swift in Sources */ = {isa = PBXBuildFile; fileRef = 3CF0B8702CFDADA800557976 /* Model.swift */; };
		3CF0B8732CFDAFE200557976 /* SongTableViewCell.swift in Sources */ = {isa = PBXBuildFile; fileRef = 3CF0B8722CFDAFE200557976 /* SongTableViewCell.swift */; };
		3CF0B87E2CFEEA8500557976 /* DetailListViewModel.swift in Sources */ = {isa = PBXBuildFile; fileRef = 3CF0B87D2CFEEA8500557976 /* DetailListViewModel.swift */; };
		3CF0B8812CFF111D00557976 /* LikeManager.swift in Sources */ = {isa = PBXBuildFile; fileRef = 3CF0B8802CFF111D00557976 /* LikeManager.swift */; };
/* End PBXBuildFile section */

/* Begin PBXFileReference section */
		3CEA74962CFD7431000837DB /* iTunes Store App.app */ = {isa = PBXFileReference; explicitFileType = wrapper.application; includeInIndex = 0; path = "iTunes Store App.app"; sourceTree = BUILT_PRODUCTS_DIR; };
		3CEA74992CFD7431000837DB /* AppDelegate.swift */ = {isa = PBXFileReference; lastKnownFileType = sourcecode.swift; path = AppDelegate.swift; sourceTree = "<group>"; };
		3CEA749B2CFD7431000837DB /* SceneDelegate.swift */ = {isa = PBXFileReference; lastKnownFileType = sourcecode.swift; path = SceneDelegate.swift; sourceTree = "<group>"; };
		3CEA749D2CFD7431000837DB /* RankingViewController.swift */ = {isa = PBXFileReference; lastKnownFileType = sourcecode.swift; path = RankingViewController.swift; sourceTree = "<group>"; };
		3CEA74A02CFD7431000837DB /* Base */ = {isa = PBXFileReference; lastKnownFileType = file.storyboard; name = Base; path = Base.lproj/Main.storyboard; sourceTree = "<group>"; };
		3CEA74A22CFD7433000837DB /* Assets.xcassets */ = {isa = PBXFileReference; lastKnownFileType = folder.assetcatalog; path = Assets.xcassets; sourceTree = "<group>"; };
		3CEA74A52CFD7433000837DB /* Base */ = {isa = PBXFileReference; lastKnownFileType = file.storyboard; name = Base; path = Base.lproj/LaunchScreen.storyboard; sourceTree = "<group>"; };
		3CEA74A72CFD7433000837DB /* Info.plist */ = {isa = PBXFileReference; lastKnownFileType = text.plist.xml; path = Info.plist; sourceTree = "<group>"; };
		3CEA74B52CFD786C000837DB /* RankingViewModel.swift */ = {isa = PBXFileReference; lastKnownFileType = sourcecode.swift; path = RankingViewModel.swift; sourceTree = "<group>"; };
		3CEA74B72CFD788B000837DB /* SongCollectionViewCell.swift */ = {isa = PBXFileReference; lastKnownFileType = sourcecode.swift; path = SongCollectionViewCell.swift; sourceTree = "<group>"; };
		3CEA74B92CFD78A5000837DB /* AlbumCollectionViewCell.swift */ = {isa = PBXFileReference; lastKnownFileType = sourcecode.swift; path = AlbumCollectionViewCell.swift; sourceTree = "<group>"; };
		3CEA74BB2CFD78C3000837DB /* SectionHeaderView.swift */ = {isa = PBXFileReference; lastKnownFileType = sourcecode.swift; path = SectionHeaderView.swift; sourceTree = "<group>"; };
		3CEA74BD2CFD795B000837DB /* DetailListViewController.swift */ = {isa = PBXFileReference; lastKnownFileType = sourcecode.swift; path = DetailListViewController.swift; sourceTree = "<group>"; };
		3CF0B8702CFDADA800557976 /* Model.swift */ = {isa = PBXFileReference; lastKnownFileType = sourcecode.swift; path = Model.swift; sourceTree = "<group>"; };
		3CF0B8722CFDAFE200557976 /* SongTableViewCell.swift */ = {isa = PBXFileReference; lastKnownFileType = sourcecode.swift; path = SongTableViewCell.swift; sourceTree = "<group>"; };
		3CF0B87D2CFEEA8500557976 /* DetailListViewModel.swift */ = {isa = PBXFileReference; lastKnownFileType = sourcecode.swift; path = DetailListViewModel.swift; sourceTree = "<group>"; };
		3CF0B8802CFF111D00557976 /* LikeManager.swift */ = {isa = PBXFileReference; lastKnownFileType = sourcecode.swift; path = LikeManager.swift; sourceTree = "<group>"; };
/* End PBXFileReference section */

/* Begin PBXFrameworksBuildPhase section */
		3CEA74932CFD7431000837DB /* Frameworks */ = {
			isa = PBXFrameworksBuildPhase;
			buildActionMask = 2147483647;
			files = (
				3CF0B86C2CFD821500557976 /* Kingfisher in Frameworks */,
				3CF0B86F2CFD822000557976 /* Alamofire in Frameworks */,
			);
			runOnlyForDeploymentPostprocessing = 0;
		};
/* End PBXFrameworksBuildPhase section */

/* Begin PBXGroup section */
		3CEA748D2CFD7431000837DB = {
			isa = PBXGroup;
			children = (
				3CEA74982CFD7431000837DB /* iTunes Store App */,
				3CEA74972CFD7431000837DB /* Products */,
			);
			sourceTree = "<group>";
		};
		3CEA74972CFD7431000837DB /* Products */ = {
			isa = PBXGroup;
			children = (
				3CEA74962CFD7431000837DB /* iTunes Store App.app */,
			);
			name = Products;
			sourceTree = "<group>";
		};
		3CEA74982CFD7431000837DB /* iTunes Store App */ = {
			isa = PBXGroup;
			children = (
				3CF0B8742CFDBBDE00557976 /* VC */,
				3CF0B8762CFDBBFB00557976 /* View */,
				3CF0B8752CFDBBF300557976 /* VM */,
				3CF0B8772CFDBC0F00557976 /* Model */,
				3CF0B87F2CFF110800557976 /* Shared */,
				3CEA74992CFD7431000837DB /* AppDelegate.swift */,
				3CEA749B2CFD7431000837DB /* SceneDelegate.swift */,
				3CEA749F2CFD7431000837DB /* Main.storyboard */,
				3CEA74A22CFD7433000837DB /* Assets.xcassets */,
				3CEA74A42CFD7433000837DB /* LaunchScreen.storyboard */,
				3CEA74A72CFD7433000837DB /* Info.plist */,
			);
			path = "iTunes Store App";
			sourceTree = "<group>";
		};
		3CF0B8742CFDBBDE00557976 /* VC */ = {
			isa = PBXGroup;
			children = (
				3CEA749D2CFD7431000837DB /* RankingViewController.swift */,
				3CEA74BD2CFD795B000837DB /* DetailListViewController.swift */,
			);
			path = VC;
			sourceTree = "<group>";
		};
		3CF0B8752CFDBBF300557976 /* VM */ = {
			isa = PBXGroup;
			children = (
				3CEA74B52CFD786C000837DB /* RankingViewModel.swift */,
				3CF0B87D2CFEEA8500557976 /* DetailListViewModel.swift */,
			);
			path = VM;
			sourceTree = "<group>";
		};
		3CF0B8762CFDBBFB00557976 /* View */ = {
			isa = PBXGroup;
			children = (
				3CEA74B72CFD788B000837DB /* SongCollectionViewCell.swift */,
				3CEA74B92CFD78A5000837DB /* AlbumCollectionViewCell.swift */,
				3CEA74BB2CFD78C3000837DB /* SectionHeaderView.swift */,
				3CF0B8722CFDAFE200557976 /* SongTableViewCell.swift */,
			);
			path = View;
			sourceTree = "<group>";
		};
		3CF0B8772CFDBC0F00557976 /* Model */ = {
			isa = PBXGroup;
			children = (
				3CF0B8702CFDADA800557976 /* Model.swift */,
			);
			path = Model;
			sourceTree = "<group>";
		};
		3CF0B87F2CFF110800557976 /* Shared */ = {
			isa = PBXGroup;
			children = (
				3CF0B8802CFF111D00557976 /* LikeManager.swift */,
			);
			path = Shared;
			sourceTree = "<group>";
		};
/* End PBXGroup section */

/* Begin PBXNativeTarget section */
		3CEA74952CFD7431000837DB /* iTunes Store App */ = {
			isa = PBXNativeTarget;
			buildConfigurationList = 3CEA74AA2CFD7433000837DB /* Build configuration list for PBXNativeTarget "iTunes Store App" */;
			buildPhases = (
				3CEA74922CFD7431000837DB /* Sources */,
				3CEA74932CFD7431000837DB /* Frameworks */,
				3CEA74942CFD7431000837DB /* Resources */,
			);
			buildRules = (
			);
			dependencies = (
			);
			name = "iTunes Store App";
			packageProductDependencies = (
				3CF0B86B2CFD821500557976 /* Kingfisher */,
				3CF0B86E2CFD822000557976 /* Alamofire */,
			);
			productName = "iTunes Store App";
			productReference = 3CEA74962CFD7431000837DB /* iTunes Store App.app */;
			productType = "com.apple.product-type.application";
		};
/* End PBXNativeTarget section */

/* Begin PBXProject section */
		3CEA748E2CFD7431000837DB /* Project object */ = {
			isa = PBXProject;
			attributes = {
				BuildIndependentTargetsInParallel = 1;
				LastSwiftUpdateCheck = 1540;
				LastUpgradeCheck = 1540;
				TargetAttributes = {
					3CEA74952CFD7431000837DB = {
						CreatedOnToolsVersion = 15.4;
					};
				};
			};
			buildConfigurationList = 3CEA74912CFD7431000837DB /* Build configuration list for PBXProject "iTunes Store App" */;
			compatibilityVersion = "Xcode 14.0";
			developmentRegion = en;
			hasScannedForEncodings = 0;
			knownRegions = (
				en,
				Base,
			);
			mainGroup = 3CEA748D2CFD7431000837DB;
			packageReferences = (
				3CF0B86A2CFD821500557976 /* XCRemoteSwiftPackageReference "Kingfisher" */,
				3CF0B86D2CFD822000557976 /* XCRemoteSwiftPackageReference "Alamofire" */,
			);
			productRefGroup = 3CEA74972CFD7431000837DB /* Products */;
			projectDirPath = "";
			projectRoot = "";
			targets = (
				3CEA74952CFD7431000837DB /* iTunes Store App */,
			);
		};
/* End PBXProject section */

/* Begin PBXResourcesBuildPhase section */
		3CEA74942CFD7431000837DB /* Resources */ = {
			isa = PBXResourcesBuildPhase;
			buildActionMask = 2147483647;
			files = (
				3CEA74A32CFD7433000837DB /* Assets.xcassets in Resources */,
				3CEA74A62CFD7433000837DB /* Base in Resources */,
				3CEA74A12CFD7431000837DB /* Base in Resources */,
			);
			runOnlyForDeploymentPostprocessing = 0;
		};
/* End PBXResourcesBuildPhase section */

/* Begin PBXSourcesBuildPhase section */
		3CEA74922CFD7431000837DB /* Sources */ = {
			isa = PBXSourcesBuildPhase;
			buildActionMask = 2147483647;
			files = (
				3CF0B8712CFDADA800557976 /* Model.swift in Sources */,
				3CEA74BA2CFD78A5000837DB /* AlbumCollectionViewCell.swift in Sources */,
				3CF0B8732CFDAFE200557976 /* SongTableViewCell.swift in Sources */,
				3CEA749E2CFD7431000837DB /* RankingViewController.swift in Sources */,
				3CEA749A2CFD7431000837DB /* AppDelegate.swift in Sources */,
				3CEA749C2CFD7431000837DB /* SceneDelegate.swift in Sources */,
				3CEA74BC2CFD78C3000837DB /* SectionHeaderView.swift in Sources */,
				3CF0B87E2CFEEA8500557976 /* DetailListViewModel.swift in Sources */,
				3CF0B8812CFF111D00557976 /* LikeManager.swift in Sources */,
				3CEA74B82CFD788B000837DB /* SongCollectionViewCell.swift in Sources */,
				3CEA74B62CFD786C000837DB /* RankingViewModel.swift in Sources */,
				3CEA74BE2CFD795B000837DB /* DetailListViewController.swift in Sources */,
			);
			runOnlyForDeploymentPostprocessing = 0;
		};
/* End PBXSourcesBuildPhase section */

/* Begin PBXVariantGroup section */
		3CEA749F2CFD7431000837DB /* Main.storyboard */ = {
			isa = PBXVariantGroup;
			children = (
				3CEA74A02CFD7431000837DB /* Base */,
			);
			name = Main.storyboard;
			sourceTree = "<group>";
		};
		3CEA74A42CFD7433000837DB /* LaunchScreen.storyboard */ = {
			isa = PBXVariantGroup;
			children = (
				3CEA74A52CFD7433000837DB /* Base */,
			);
			name = LaunchScreen.storyboard;
			sourceTree = "<group>";
		};
/* End PBXVariantGroup section */

/* Begin XCBuildConfiguration section */
		3CEA74A82CFD7433000837DB /* Debug */ = {
			isa = XCBuildConfiguration;
			buildSettings = {
				ALWAYS_SEARCH_USER_PATHS = NO;
				ASSETCATALOG_COMPILER_GENERATE_SWIFT_ASSET_SYMBOL_EXTENSIONS = YES;
				CLANG_ANALYZER_NONNULL = YES;
				CLANG_ANALYZER_NUMBER_OBJECT_CONVERSION = YES_AGGRESSIVE;
				CLANG_CXX_LANGUAGE_STANDARD = "gnu++20";
				CLANG_ENABLE_MODULES = YES;
				CLANG_ENABLE_OBJC_ARC = YES;
				CLANG_ENABLE_OBJC_WEAK = YES;
				CLANG_WARN_BLOCK_CAPTURE_AUTORELEASING = YES;
				CLANG_WARN_BOOL_CONVERSION = YES;
				CLANG_WARN_COMMA = YES;
				CLANG_WARN_CONSTANT_CONVERSION = YES;
				CLANG_WARN_DEPRECATED_OBJC_IMPLEMENTATIONS = YES;
				CLANG_WARN_DIRECT_OBJC_ISA_USAGE = YES_ERROR;
				CLANG_WARN_DOCUMENTATION_COMMENTS = YES;
				CLANG_WARN_EMPTY_BODY = YES;
				CLANG_WARN_ENUM_CONVERSION = YES;
				CLANG_WARN_INFINITE_RECURSION = YES;
				CLANG_WARN_INT_CONVERSION = YES;
				CLANG_WARN_NON_LITERAL_NULL_CONVERSION = YES;
				CLANG_WARN_OBJC_IMPLICIT_RETAIN_SELF = YES;
				CLANG_WARN_OBJC_LITERAL_CONVERSION = YES;
				CLANG_WARN_OBJC_ROOT_CLASS = YES_ERROR;
				CLANG_WARN_QUOTED_INCLUDE_IN_FRAMEWORK_HEADER = YES;
				CLANG_WARN_RANGE_LOOP_ANALYSIS = YES;
				CLANG_WARN_STRICT_PROTOTYPES = YES;
				CLANG_WARN_SUSPICIOUS_MOVE = YES;
				CLANG_WARN_UNGUARDED_AVAILABILITY = YES_AGGRESSIVE;
				CLANG_WARN_UNREACHABLE_CODE = YES;
				CLANG_WARN__DUPLICATE_METHOD_MATCH = YES;
				COPY_PHASE_STRIP = NO;
				DEBUG_INFORMATION_FORMAT = dwarf;
				ENABLE_STRICT_OBJC_MSGSEND = YES;
				ENABLE_TESTABILITY = YES;
				ENABLE_USER_SCRIPT_SANDBOXING = YES;
				GCC_C_LANGUAGE_STANDARD = gnu17;
				GCC_DYNAMIC_NO_PIC = NO;
				GCC_NO_COMMON_BLOCKS = YES;
				GCC_OPTIMIZATION_LEVEL = 0;
				GCC_PREPROCESSOR_DEFINITIONS = (
					"DEBUG=1",
					"$(inherited)",
				);
				GCC_WARN_64_TO_32_BIT_CONVERSION = YES;
				GCC_WARN_ABOUT_RETURN_TYPE = YES_ERROR;
				GCC_WARN_UNDECLARED_SELECTOR = YES;
				GCC_WARN_UNINITIALIZED_AUTOS = YES_AGGRESSIVE;
				GCC_WARN_UNUSED_FUNCTION = YES;
				GCC_WARN_UNUSED_VARIABLE = YES;
				IPHONEOS_DEPLOYMENT_TARGET = 17.5;
				LOCALIZATION_PREFERS_STRING_CATALOGS = YES;
				MTL_ENABLE_DEBUG_INFO = INCLUDE_SOURCE;
				MTL_FAST_MATH = YES;
				ONLY_ACTIVE_ARCH = YES;
				SDKROOT = iphoneos;
				SWIFT_ACTIVE_COMPILATION_CONDITIONS = "DEBUG $(inherited)";
				SWIFT_OPTIMIZATION_LEVEL = "-Onone";
			};
			name = Debug;
		};
		3CEA74A92CFD7433000837DB /* Release */ = {
			isa = XCBuildConfiguration;
			buildSettings = {
				ALWAYS_SEARCH_USER_PATHS = NO;
				ASSETCATALOG_COMPILER_GENERATE_SWIFT_ASSET_SYMBOL_EXTENSIONS = YES;
				CLANG_ANALYZER_NONNULL = YES;
				CLANG_ANALYZER_NUMBER_OBJECT_CONVERSION = YES_AGGRESSIVE;
				CLANG_CXX_LANGUAGE_STANDARD = "gnu++20";
				CLANG_ENABLE_MODULES = YES;
				CLANG_ENABLE_OBJC_ARC = YES;
				CLANG_ENABLE_OBJC_WEAK = YES;
				CLANG_WARN_BLOCK_CAPTURE_AUTORELEASING = YES;
				CLANG_WARN_BOOL_CONVERSION = YES;
				CLANG_WARN_COMMA = YES;
				CLANG_WARN_CONSTANT_CONVERSION = YES;
				CLANG_WARN_DEPRECATED_OBJC_IMPLEMENTATIONS = YES;
				CLANG_WARN_DIRECT_OBJC_ISA_USAGE = YES_ERROR;
				CLANG_WARN_DOCUMENTATION_COMMENTS = YES;
				CLANG_WARN_EMPTY_BODY = YES;
				CLANG_WARN_ENUM_CONVERSION = YES;
				CLANG_WARN_INFINITE_RECURSION = YES;
				CLANG_WARN_INT_CONVERSION = YES;
				CLANG_WARN_NON_LITERAL_NULL_CONVERSION = YES;
				CLANG_WARN_OBJC_IMPLICIT_RETAIN_SELF = YES;
				CLANG_WARN_OBJC_LITERAL_CONVERSION = YES;
				CLANG_WARN_OBJC_ROOT_CLASS = YES_ERROR;
				CLANG_WARN_QUOTED_INCLUDE_IN_FRAMEWORK_HEADER = YES;
				CLANG_WARN_RANGE_LOOP_ANALYSIS = YES;
				CLANG_WARN_STRICT_PROTOTYPES = YES;
				CLANG_WARN_SUSPICIOUS_MOVE = YES;
				CLANG_WARN_UNGUARDED_AVAILABILITY = YES_AGGRESSIVE;
				CLANG_WARN_UNREACHABLE_CODE = YES;
				CLANG_WARN__DUPLICATE_METHOD_MATCH = YES;
				COPY_PHASE_STRIP = NO;
				DEBUG_INFORMATION_FORMAT = "dwarf-with-dsym";
				ENABLE_NS_ASSERTIONS = NO;
				ENABLE_STRICT_OBJC_MSGSEND = YES;
				ENABLE_USER_SCRIPT_SANDBOXING = YES;
				GCC_C_LANGUAGE_STANDARD = gnu17;
				GCC_NO_COMMON_BLOCKS = YES;
				GCC_WARN_64_TO_32_BIT_CONVERSION = YES;
				GCC_WARN_ABOUT_RETURN_TYPE = YES_ERROR;
				GCC_WARN_UNDECLARED_SELECTOR = YES;
				GCC_WARN_UNINITIALIZED_AUTOS = YES_AGGRESSIVE;
				GCC_WARN_UNUSED_FUNCTION = YES;
				GCC_WARN_UNUSED_VARIABLE = YES;
				IPHONEOS_DEPLOYMENT_TARGET = 17.5;
				LOCALIZATION_PREFERS_STRING_CATALOGS = YES;
				MTL_ENABLE_DEBUG_INFO = NO;
				MTL_FAST_MATH = YES;
				SDKROOT = iphoneos;
				SWIFT_COMPILATION_MODE = wholemodule;
				VALIDATE_PRODUCT = YES;
			};
			name = Release;
		};
		3CEA74AB2CFD7433000837DB /* Debug */ = {
			isa = XCBuildConfiguration;
			buildSettings = {
				ASSETCATALOG_COMPILER_APPICON_NAME = AppIcon;
				ASSETCATALOG_COMPILER_GLOBAL_ACCENT_COLOR_NAME = AccentColor;
				CODE_SIGN_STYLE = Automatic;
				CURRENT_PROJECT_VERSION = 1;
				DEVELOPMENT_TEAM = R77283CQJW;
				GENERATE_INFOPLIST_FILE = YES;
				INFOPLIST_FILE = "iTunes Store App/Info.plist";
				INFOPLIST_KEY_UIApplicationSupportsIndirectInputEvents = YES;
				INFOPLIST_KEY_UILaunchStoryboardName = LaunchScreen;
				INFOPLIST_KEY_UIMainStoryboardFile = Main;
				INFOPLIST_KEY_UISupportedInterfaceOrientations = UIInterfaceOrientationPortrait;
				INFOPLIST_KEY_UISupportedInterfaceOrientations_iPad = UIInterfaceOrientationLandscapeRight;
				LD_RUNPATH_SEARCH_PATHS = (
					"$(inherited)",
					"@executable_path/Frameworks",
				);
				MARKETING_VERSION = 1.0;
				PRODUCT_BUNDLE_IDENTIFIER = "com.nicky.iTunes-Store-App";
				PRODUCT_NAME = "$(TARGET_NAME)";
				SWIFT_EMIT_LOC_STRINGS = YES;
				SWIFT_VERSION = 5.0;
				TARGETED_DEVICE_FAMILY = "1,2";
			};
			name = Debug;
		};
		3CEA74AC2CFD7433000837DB /* Release */ = {
			isa = XCBuildConfiguration;
			buildSettings = {
				ASSETCATALOG_COMPILER_APPICON_NAME = AppIcon;
				ASSETCATALOG_COMPILER_GLOBAL_ACCENT_COLOR_NAME = AccentColor;
				CODE_SIGN_STYLE = Automatic;
				CURRENT_PROJECT_VERSION = 1;
				DEVELOPMENT_TEAM = R77283CQJW;
				GENERATE_INFOPLIST_FILE = YES;
				INFOPLIST_FILE = "iTunes Store App/Info.plist";
				INFOPLIST_KEY_UIApplicationSupportsIndirectInputEvents = YES;
				INFOPLIST_KEY_UILaunchStoryboardName = LaunchScreen;
				INFOPLIST_KEY_UIMainStoryboardFile = Main;
				INFOPLIST_KEY_UISupportedInterfaceOrientations = UIInterfaceOrientationPortrait;
				INFOPLIST_KEY_UISupportedInterfaceOrientations_iPad = UIInterfaceOrientationLandscapeRight;
				LD_RUNPATH_SEARCH_PATHS = (
					"$(inherited)",
					"@executable_path/Frameworks",
				);
				MARKETING_VERSION = 1.0;
				PRODUCT_BUNDLE_IDENTIFIER = "com.nicky.iTunes-Store-App";
				PRODUCT_NAME = "$(TARGET_NAME)";
				SWIFT_EMIT_LOC_STRINGS = YES;
				SWIFT_VERSION = 5.0;
				TARGETED_DEVICE_FAMILY = "1,2";
			};
			name = Release;
		};
/* End XCBuildConfiguration section */

/* Begin XCConfigurationList section */
		3CEA74912CFD7431000837DB /* Build configuration list for PBXProject "iTunes Store App" */ = {
			isa = XCConfigurationList;
			buildConfigurations = (
				3CEA74A82CFD7433000837DB /* Debug */,
				3CEA74A92CFD7433000837DB /* Release */,
			);
			defaultConfigurationIsVisible = 0;
			defaultConfigurationName = Release;
		};
		3CEA74AA2CFD7433000837DB /* Build configuration list for PBXNativeTarget "iTunes Store App" */ = {
			isa = XCConfigurationList;
			buildConfigurations = (
				3CEA74AB2CFD7433000837DB /* Debug */,
				3CEA74AC2CFD7433000837DB /* Release */,
			);
			defaultConfigurationIsVisible = 0;
			defaultConfigurationName = Release;
		};
/* End XCConfigurationList section */

/* Begin XCRemoteSwiftPackageReference section */
		3CF0B86A2CFD821500557976 /* XCRemoteSwiftPackageReference "Kingfisher" */ = {
			isa = XCRemoteSwiftPackageReference;
			repositoryURL = "https://github.com/onevcat/Kingfisher.git";
			requirement = {
				kind = upToNextMajorVersion;
				minimumVersion = 8.1.1;
			};
		};
		3CF0B86D2CFD822000557976 /* XCRemoteSwiftPackageReference "Alamofire" */ = {
			isa = XCRemoteSwiftPackageReference;
			repositoryURL = "https://github.com/Alamofire/Alamofire.git";
			requirement = {
				kind = upToNextMajorVersion;
				minimumVersion = 5.10.2;
			};
		};
/* End XCRemoteSwiftPackageReference section */

/* Begin XCSwiftPackageProductDependency section */
		3CF0B86B2CFD821500557976 /* Kingfisher */ = {
			isa = XCSwiftPackageProductDependency;
			package = 3CF0B86A2CFD821500557976 /* XCRemoteSwiftPackageReference "Kingfisher" */;
			productName = Kingfisher;
		};
		3CF0B86E2CFD822000557976 /* Alamofire */ = {
			isa = XCSwiftPackageProductDependency;
			package = 3CF0B86D2CFD822000557976 /* XCRemoteSwiftPackageReference "Alamofire" */;
			productName = Alamofire;
		};
/* End XCSwiftPackageProductDependency section */
	};
	rootObject = 3CEA748E2CFD7431000837DB /* Project object */;
}
